
Microsoft Visual Studio Solution File, Format Version 12.00
# Visual Studio Version 16
VisualStudioVersion = 16.0.29009.5
MinimumVisualStudioVersion = 10.0.40219.1
Project("{2150E333-8FDC-42A3-9474-1A3956D46DE8}") = "Solution Items", "Solution Items", "{17A5D651-3BC4-40DE-BFCA-D25075C169F6}"
	ProjectSection(SolutionItems) = preProject
		.editorconfig = .editorconfig
		.gitignore = .gitignore
		.travis.yml = .travis.yml
		LICENSE.txt = LICENSE.txt
		README.md = README.md
	EndProjectSection
EndProject
Project("{9A19103F-16F7-4668-BE54-9A1E7A4F7556}") = "TurkishIdGen", "generator\TurkishIdGen.csproj", "{88614A10-DB2E-49F8-B8B9-BFA54360909D}"
EndProject
Project("{9A19103F-16F7-4668-BE54-9A1E7A4F7556}") = "TurkishId", "src\TurkishId\TurkishId.csproj", "{E69DD96D-E6A7-4B13-8BD8-855F51934F1F}"
EndProject
Project("{9A19103F-16F7-4668-BE54-9A1E7A4F7556}") = "TestLib31", "TestLib31\TestLib31.csproj", "{F8928292-1C5A-4DBC-963A-A4B94373E65A}"
EndProject
Project("{9A19103F-16F7-4668-BE54-9A1E7A4F7556}") = "TurkishId.ModelBinder", "src\TurkishId.ModelBinder\TurkishId.ModelBinder.csproj", "{AA07530F-1C0E-4273-B860-011CB2CDC6DB}"
EndProject
Project("{9A19103F-16F7-4668-BE54-9A1E7A4F7556}") = "TurkishId.ModelBinderTest", "test\TurkishId.ModelBinderTest\TurkishId.ModelBinderTest.csproj", "{B1FFC747-0021-43FE-A902-36EAB6AD948A}"
EndProject
Project("{9A19103F-16F7-4668-BE54-9A1E7A4F7556}") = "TurkishIdTest", "test\TurkishIdTest\TurkishIdTest.csproj", "{0084F68C-C02B-409A-BF49-F46FBFF28FD7}"
EndProject
Global
	GlobalSection(SolutionConfigurationPlatforms) = preSolution
		Debug|Any CPU = Debug|Any CPU
		Release|Any CPU = Release|Any CPU
	EndGlobalSection
	GlobalSection(ProjectConfigurationPlatforms) = postSolution
		{88614A10-DB2E-49F8-B8B9-BFA54360909D}.Debug|Any CPU.ActiveCfg = Debug|Any CPU
		{88614A10-DB2E-49F8-B8B9-BFA54360909D}.Debug|Any CPU.Build.0 = Debug|Any CPU
		{88614A10-DB2E-49F8-B8B9-BFA54360909D}.Release|Any CPU.ActiveCfg = Release|Any CPU
		{88614A10-DB2E-49F8-B8B9-BFA54360909D}.Release|Any CPU.Build.0 = Release|Any CPU
		{E69DD96D-E6A7-4B13-8BD8-855F51934F1F}.Debug|Any CPU.ActiveCfg = Debug|Any CPU
		{E69DD96D-E6A7-4B13-8BD8-855F51934F1F}.Debug|Any CPU.Build.0 = Debug|Any CPU
		{E69DD96D-E6A7-4B13-8BD8-855F51934F1F}.Release|Any CPU.ActiveCfg = Release|Any CPU
		{E69DD96D-E6A7-4B13-8BD8-855F51934F1F}.Release|Any CPU.Build.0 = Release|Any CPU
		{F8928292-1C5A-4DBC-963A-A4B94373E65A}.Debug|Any CPU.ActiveCfg = Debug|Any CPU
		{F8928292-1C5A-4DBC-963A-A4B94373E65A}.Debug|Any CPU.Build.0 = Debug|Any CPU
		{F8928292-1C5A-4DBC-963A-A4B94373E65A}.Release|Any CPU.ActiveCfg = Release|Any CPU
		{F8928292-1C5A-4DBC-963A-A4B94373E65A}.Release|Any CPU.Build.0 = Release|Any CPU
		{AA07530F-1C0E-4273-B860-011CB2CDC6DB}.Debug|Any CPU.ActiveCfg = Debug|Any CPU
		{AA07530F-1C0E-4273-B860-011CB2CDC6DB}.Debug|Any CPU.Build.0 = Debug|Any CPU
		{AA07530F-1C0E-4273-B860-011CB2CDC6DB}.Release|Any CPU.ActiveCfg = Release|Any CPU
		{AA07530F-1C0E-4273-B860-011CB2CDC6DB}.Release|Any CPU.Build.0 = Release|Any CPU
		{B1FFC747-0021-43FE-A902-36EAB6AD948A}.Debug|Any CPU.ActiveCfg = Debug|Any CPU
		{B1FFC747-0021-43FE-A902-36EAB6AD948A}.Debug|Any CPU.Build.0 = Debug|Any CPU
		{B1FFC747-0021-43FE-A902-36EAB6AD948A}.Release|Any CPU.ActiveCfg = Release|Any CPU
		{B1FFC747-0021-43FE-A902-36EAB6AD948A}.Release|Any CPU.Build.0 = Release|Any CPU
		{0084F68C-C02B-409A-BF49-F46FBFF28FD7}.Debug|Any CPU.ActiveCfg = Debug|Any CPU
		{0084F68C-C02B-409A-BF49-F46FBFF28FD7}.Debug|Any CPU.Build.0 = Debug|Any CPU
		{0084F68C-C02B-409A-BF49-F46FBFF28FD7}.Release|Any CPU.ActiveCfg = Release|Any CPU
		{0084F68C-C02B-409A-BF49-F46FBFF28FD7}.Release|Any CPU.Build.0 = Release|Any CPU
	EndGlobalSection
	GlobalSection(SolutionProperties) = preSolution
		HideSolutionNode = FALSE
	EndGlobalSection
	GlobalSection(ExtensibilityGlobals) = postSolution
		SolutionGuid = {AC75FBFF-327F-43D4-8EC6-F28892A8A275}
	EndGlobalSection
EndGlobal
